
Microsoft Visual Studio Solution File, Format Version 11.00
# Visual Studio 2010
Project("{FAE04EC0-301F-11D3-BF4B-00C04F79EFBC}") = "dmVLClib", "dmVLClib\dmVLClib.csproj", "{F3521609-01B0-4D60-AB88-E555BD99383B}"
EndProject
Global
	GlobalSection(SolutionConfigurationPlatforms) = preSolution
		Debug|Any CPU = Debug|Any CPU
		Release|Any CPU = Release|Any CPU
	EndGlobalSection
	GlobalSection(ProjectConfigurationPlatforms) = postSolution
		{F3521609-01B0-4D60-AB88-E555BD99383B}.Debug|Any CPU.ActiveCfg = Debug|Any CPU
		{F3521609-01B0-4D60-AB88-E555BD99383B}.Debug|Any CPU.Build.0 = Debug|Any CPU
		{F3521609-01B0-4D60-AB88-E555BD99383B}.Release|Any CPU.ActiveCfg = Release|Any CPU
		{F3521609-01B0-4D60-AB88-E555BD99383B}.Release|Any CPU.Build.0 = Release|Any CPU
	EndGlobalSection
	GlobalSection(SolutionProperties) = preSolution
		HideSolutionNode = FALSE
	EndGlobalSection
EndGlobal
